
Microsoft Visual Studio Solution File, Format Version 12.00
# Visual Studio Version 17
VisualStudioVersion = 17.14.36915.13 d17.14
MinimumVisualStudioVersion = 10.0.40219.1
Project("{FAE04EC0-301F-11D3-BF4B-00C04F79EFBC}") = "Web", "Web.csproj", "{602D0D03-E86D-4C3A-9CDB-620C0E95995F}"
EndProject
Project("{FAE04EC0-301F-11D3-BF4B-00C04F79EFBC}") = "Application", "..\Application\Application.csproj", "{3EB9AC55-5BFF-4086-9A56-0A0350DC2325}"
EndProject
Project("{FAE04EC0-301F-11D3-BF4B-00C04F79EFBC}") = "Domain", "..\Domain\Domain.csproj", "{2C99705A-9069-4259-9EBD-40E3BA3DC59E}"
EndProject
Project("{FAE04EC0-301F-11D3-BF4B-00C04F79EFBC}") = "Infrastructure", "..\Infrastructure\Infrastructure.csproj", "{4672A59B-F906-43D8-8D8C-F1166C6EE75E}"
EndProject
Global
	GlobalSection(SolutionConfigurationPlatforms) = preSolution
		Debug|Any CPU = Debug|Any CPU
		Release|Any CPU = Release|Any CPU
	EndGlobalSection
	GlobalSection(ProjectConfigurationPlatforms) = postSolution
		{602D0D03-E86D-4C3A-9CDB-620C0E95995F}.Debug|Any CPU.ActiveCfg = Debug|Any CPU
		{602D0D03-E86D-4C3A-9CDB-620C0E95995F}.Debug|Any CPU.Build.0 = Debug|Any CPU
		{602D0D03-E86D-4C3A-9CDB-620C0E95995F}.Release|Any CPU.ActiveCfg = Release|Any CPU
		{602D0D03-E86D-4C3A-9CDB-620C0E95995F}.Release|Any CPU.Build.0 = Release|Any CPU
		{3EB9AC55-5BFF-4086-9A56-0A0350DC2325}.Debug|Any CPU.ActiveCfg = Debug|Any CPU
		{3EB9AC55-5BFF-4086-9A56-0A0350DC2325}.Debug|Any CPU.Build.0 = Debug|Any CPU
		{3EB9AC55-5BFF-4086-9A56-0A0350DC2325}.Release|Any CPU.ActiveCfg = Release|Any CPU
		{3EB9AC55-5BFF-4086-9A56-0A0350DC2325}.Release|Any CPU.Build.0 = Release|Any CPU
		{2C99705A-9069-4259-9EBD-40E3BA3DC59E}.Debug|Any CPU.ActiveCfg = Debug|Any CPU
		{2C99705A-9069-4259-9EBD-40E3BA3DC59E}.Debug|Any CPU.Build.0 = Debug|Any CPU
		{2C99705A-9069-4259-9EBD-40E3BA3DC59E}.Release|Any CPU.ActiveCfg = Release|Any CPU
		{2C99705A-9069-4259-9EBD-40E3BA3DC59E}.Release|Any CPU.Build.0 = Release|Any CPU
		{4672A59B-F906-43D8-8D8C-F1166C6EE75E}.Debug|Any CPU.ActiveCfg = Debug|Any CPU
		{4672A59B-F906-43D8-8D8C-F1166C6EE75E}.Debug|Any CPU.Build.0 = Debug|Any CPU
		{4672A59B-F906-43D8-8D8C-F1166C6EE75E}.Release|Any CPU.ActiveCfg = Release|Any CPU
		{4672A59B-F906-43D8-8D8C-F1166C6EE75E}.Release|Any CPU.Build.0 = Release|Any CPU
	EndGlobalSection
	GlobalSection(SolutionProperties) = preSolution
		HideSolutionNode = FALSE
	EndGlobalSection
	GlobalSection(ExtensibilityGlobals) = postSolution
		SolutionGuid = {D12A0487-F02A-44F1-82D0-CC79BA56FFD5}
	EndGlobalSection
EndGlobal
